
Microsoft Visual Studio Solution File, Format Version 12.00
# Visual Studio 15
VisualStudioVersion = 15.0.27428.2005
MinimumVisualStudioVersion = 10.0.40219.1
Project("{888888A0-9F3D-457C-B088-3A5042F75D52}") = "ChangeApiBackup_v2", "ChangeApiBackup_v2\ChangeApiBackup_v2.pyproj", "{B7708FC8-0FC4-4D90-B649-D8C8B76EF02F}"
EndProject
Global
	GlobalSection(SolutionConfigurationPlatforms) = preSolution
		Debug|Any CPU = Debug|Any CPU
		Release|Any CPU = Release|Any CPU
	EndGlobalSection
	GlobalSection(ProjectConfigurationPlatforms) = postSolution
		{B7708FC8-0FC4-4D90-B649-D8C8B76EF02F}.Debug|Any CPU.ActiveCfg = Debug|Any CPU
		{B7708FC8-0FC4-4D90-B649-D8C8B76EF02F}.Release|Any CPU.ActiveCfg = Release|Any CPU
	EndGlobalSection
	GlobalSection(SolutionProperties) = preSolution
		HideSolutionNode = FALSE
	EndGlobalSection
	GlobalSection(ExtensibilityGlobals) = postSolution
		SolutionGuid = {528538FF-04D3-49D2-9B22-1162FFE1118B}
	EndGlobalSection
EndGlobal
